
Microsoft Visual Studio Solution File, Format Version 12.00
# Visual Studio Version 16
VisualStudioVersion = 16.0.30523.141
MinimumVisualStudioVersion = 10.0.40219.1
Project("{FAE04EC0-301F-11D3-BF4B-00C04F79EFBC}") = "otodik_beadando_jo", "otodik_beadando_jo.csproj", "{926BC207-E907-4511-A104-F9BDBB9D89E7}"
EndProject
Global
	GlobalSection(SolutionConfigurationPlatforms) = preSolution
		Debug|Any CPU = Debug|Any CPU
		Release|Any CPU = Release|Any CPU
	EndGlobalSection
	GlobalSection(ProjectConfigurationPlatforms) = postSolution
		{926BC207-E907-4511-A104-F9BDBB9D89E7}.Debug|Any CPU.ActiveCfg = Debug|Any CPU
		{926BC207-E907-4511-A104-F9BDBB9D89E7}.Debug|Any CPU.Build.0 = Debug|Any CPU
		{926BC207-E907-4511-A104-F9BDBB9D89E7}.Release|Any CPU.ActiveCfg = Release|Any CPU
		{926BC207-E907-4511-A104-F9BDBB9D89E7}.Release|Any CPU.Build.0 = Release|Any CPU
	EndGlobalSection
	GlobalSection(SolutionProperties) = preSolution
		HideSolutionNode = FALSE
	EndGlobalSection
	GlobalSection(ExtensibilityGlobals) = postSolution
		SolutionGuid = {2D564FDE-8299-4740-9E49-5437B4138DD0}
	EndGlobalSection
EndGlobal
