
Microsoft Visual Studio Solution File, Format Version 12.00
# Visual Studio Version 16
VisualStudioVersion = 16.0.30523.141
MinimumVisualStudioVersion = 10.0.40219.1
Project("{FAE04EC0-301F-11D3-BF4B-00C04F79EFBC}") = "var_negyedik_feladat", "var_negyedik_feladat.csproj", "{9AAA93FC-6042-456A-A31E-8961D7B1EB1D}"
EndProject
Global
	GlobalSection(SolutionConfigurationPlatforms) = preSolution
		Debug|Any CPU = Debug|Any CPU
		Release|Any CPU = Release|Any CPU
	EndGlobalSection
	GlobalSection(ProjectConfigurationPlatforms) = postSolution
		{9AAA93FC-6042-456A-A31E-8961D7B1EB1D}.Debug|Any CPU.ActiveCfg = Debug|Any CPU
		{9AAA93FC-6042-456A-A31E-8961D7B1EB1D}.Debug|Any CPU.Build.0 = Debug|Any CPU
		{9AAA93FC-6042-456A-A31E-8961D7B1EB1D}.Release|Any CPU.ActiveCfg = Release|Any CPU
		{9AAA93FC-6042-456A-A31E-8961D7B1EB1D}.Release|Any CPU.Build.0 = Release|Any CPU
	EndGlobalSection
	GlobalSection(SolutionProperties) = preSolution
		HideSolutionNode = FALSE
	EndGlobalSection
	GlobalSection(ExtensibilityGlobals) = postSolution
		SolutionGuid = {BD712A02-ADDF-489E-8C82-46E44CD0B114}
	EndGlobalSection
EndGlobal
