
Microsoft Visual Studio Solution File, Format Version 12.00
# Visual Studio Version 16
VisualStudioVersion = 16.0.30523.141
MinimumVisualStudioVersion = 10.0.40219.1
Project("{FAE04EC0-301F-11D3-BF4B-00C04F79EFBC}") = "var_negyedik_feladat_jo", "var_negyedik_feladat_jo.csproj", "{9D152C1A-FDAB-4740-AC7A-4F9BB4D68441}"
EndProject
Global
	GlobalSection(SolutionConfigurationPlatforms) = preSolution
		Debug|Any CPU = Debug|Any CPU
		Release|Any CPU = Release|Any CPU
	EndGlobalSection
	GlobalSection(ProjectConfigurationPlatforms) = postSolution
		{9D152C1A-FDAB-4740-AC7A-4F9BB4D68441}.Debug|Any CPU.ActiveCfg = Debug|Any CPU
		{9D152C1A-FDAB-4740-AC7A-4F9BB4D68441}.Debug|Any CPU.Build.0 = Debug|Any CPU
		{9D152C1A-FDAB-4740-AC7A-4F9BB4D68441}.Release|Any CPU.ActiveCfg = Release|Any CPU
		{9D152C1A-FDAB-4740-AC7A-4F9BB4D68441}.Release|Any CPU.Build.0 = Release|Any CPU
	EndGlobalSection
	GlobalSection(SolutionProperties) = preSolution
		HideSolutionNode = FALSE
	EndGlobalSection
	GlobalSection(ExtensibilityGlobals) = postSolution
		SolutionGuid = {D03C5D93-F988-4752-AE98-D656BC1D22C3}
	EndGlobalSection
EndGlobal
