
Microsoft Visual Studio Solution File, Format Version 12.00
# Visual Studio Version 16
VisualStudioVersion = 16.0.30523.141
MinimumVisualStudioVersion = 10.0.40219.1
Project("{FAE04EC0-301F-11D3-BF4B-00C04F79EFBC}") = "excelgeneralasa_ezajo", "excelgeneralasa_ezajo.csproj", "{AB065379-F1B8-430D-9EFD-8FD0201BDD56}"
EndProject
Global
	GlobalSection(SolutionConfigurationPlatforms) = preSolution
		Debug|Any CPU = Debug|Any CPU
		Release|Any CPU = Release|Any CPU
	EndGlobalSection
	GlobalSection(ProjectConfigurationPlatforms) = postSolution
		{AB065379-F1B8-430D-9EFD-8FD0201BDD56}.Debug|Any CPU.ActiveCfg = Debug|Any CPU
		{AB065379-F1B8-430D-9EFD-8FD0201BDD56}.Debug|Any CPU.Build.0 = Debug|Any CPU
		{AB065379-F1B8-430D-9EFD-8FD0201BDD56}.Release|Any CPU.ActiveCfg = Release|Any CPU
		{AB065379-F1B8-430D-9EFD-8FD0201BDD56}.Release|Any CPU.Build.0 = Release|Any CPU
	EndGlobalSection
	GlobalSection(SolutionProperties) = preSolution
		HideSolutionNode = FALSE
	EndGlobalSection
	GlobalSection(ExtensibilityGlobals) = postSolution
		SolutionGuid = {CC24C24F-C3A9-4897-93A3-5807502CC683}
	EndGlobalSection
EndGlobal
